
Microsoft Visual Studio Solution File, Format Version 12.00
# Visual Studio Version 17
VisualStudioVersion = 17.6.33712.159
MinimumVisualStudioVersion = 10.0.40219.1
Project("{FAE04EC0-301F-11D3-BF4B-00C04F79EFBC}") = "E-Shop.Application", "E-Shop.Application\E-Shop.Application.csproj", "{0C9619E8-85B6-4EE3-9D24-6524647AF60F}"
EndProject
Project("{FAE04EC0-301F-11D3-BF4B-00C04F79EFBC}") = "E-Shop.Domain", "E-Shop.Domain\E-Shop.Domain.csproj", "{2416FFEE-B167-4636-AED8-6B85460DFC6E}"
EndProject
Project("{FAE04EC0-301F-11D3-BF4B-00C04F79EFBC}") = "E-Shop.Infrastructure", "E-Shop.Infrastructure\E-Shop.Infrastructure.csproj", "{51FC1E3B-3031-4BDE-90C8-4781E805A0C7}"
EndProject
Global
	GlobalSection(SolutionConfigurationPlatforms) = preSolution
		Debug|Any CPU = Debug|Any CPU
		Release|Any CPU = Release|Any CPU
	EndGlobalSection
	GlobalSection(ProjectConfigurationPlatforms) = postSolution
		{0C9619E8-85B6-4EE3-9D24-6524647AF60F}.Debug|Any CPU.ActiveCfg = Debug|Any CPU
		{0C9619E8-85B6-4EE3-9D24-6524647AF60F}.Debug|Any CPU.Build.0 = Debug|Any CPU
		{0C9619E8-85B6-4EE3-9D24-6524647AF60F}.Release|Any CPU.ActiveCfg = Release|Any CPU
		{0C9619E8-85B6-4EE3-9D24-6524647AF60F}.Release|Any CPU.Build.0 = Release|Any CPU
		{2416FFEE-B167-4636-AED8-6B85460DFC6E}.Debug|Any CPU.ActiveCfg = Debug|Any CPU
		{2416FFEE-B167-4636-AED8-6B85460DFC6E}.Debug|Any CPU.Build.0 = Debug|Any CPU
		{2416FFEE-B167-4636-AED8-6B85460DFC6E}.Release|Any CPU.ActiveCfg = Release|Any CPU
		{2416FFEE-B167-4636-AED8-6B85460DFC6E}.Release|Any CPU.Build.0 = Release|Any CPU
		{51FC1E3B-3031-4BDE-90C8-4781E805A0C7}.Debug|Any CPU.ActiveCfg = Debug|Any CPU
		{51FC1E3B-3031-4BDE-90C8-4781E805A0C7}.Debug|Any CPU.Build.0 = Debug|Any CPU
		{51FC1E3B-3031-4BDE-90C8-4781E805A0C7}.Release|Any CPU.ActiveCfg = Release|Any CPU
		{51FC1E3B-3031-4BDE-90C8-4781E805A0C7}.Release|Any CPU.Build.0 = Release|Any CPU
	EndGlobalSection
	GlobalSection(SolutionProperties) = preSolution
		HideSolutionNode = FALSE
	EndGlobalSection
	GlobalSection(ExtensibilityGlobals) = postSolution
		SolutionGuid = {0ED7F788-BB8B-4B0F-A2BD-613164A54258}
	EndGlobalSection
EndGlobal
